
Microsoft Visual Studio Solution File, Format Version 12.00
# Visual Studio Version 16
VisualStudioVersion = 16.0.29418.71
MinimumVisualStudioVersion = 10.0.40219.1
Project("{FAE04EC0-301F-11D3-BF4B-00C04F79EFBC}") = "EserciziPerCasa", "EserciziPerCasa\EserciziPerCasa.csproj", "{DF0FC550-8E78-48E9-BCC3-053D8C7906BE}"
EndProject
Global
	GlobalSection(SolutionConfigurationPlatforms) = preSolution
		Debug|Any CPU = Debug|Any CPU
		Release|Any CPU = Release|Any CPU
	EndGlobalSection
	GlobalSection(ProjectConfigurationPlatforms) = postSolution
		{DF0FC550-8E78-48E9-BCC3-053D8C7906BE}.Debug|Any CPU.ActiveCfg = Debug|Any CPU
		{DF0FC550-8E78-48E9-BCC3-053D8C7906BE}.Debug|Any CPU.Build.0 = Debug|Any CPU
		{DF0FC550-8E78-48E9-BCC3-053D8C7906BE}.Release|Any CPU.ActiveCfg = Release|Any CPU
		{DF0FC550-8E78-48E9-BCC3-053D8C7906BE}.Release|Any CPU.Build.0 = Release|Any CPU
	EndGlobalSection
	GlobalSection(SolutionProperties) = preSolution
		HideSolutionNode = FALSE
	EndGlobalSection
	GlobalSection(ExtensibilityGlobals) = postSolution
		SolutionGuid = {537DF143-B057-4645-9BB9-95082E5C1CC1}
	EndGlobalSection
EndGlobal
