
Microsoft Visual Studio Solution File, Format Version 12.00
# Visual Studio Version 16
VisualStudioVersion = 16.0.29418.71
MinimumVisualStudioVersion = 10.0.40219.1
Project("{9A19103F-16F7-4668-BE54-9A1E7A4F7556}") = "EserciziPerCasa1", "EserciziPerCasa\EserciziPerCasa1.csproj", "{DF0FC550-8E78-48E9-BCC3-053D8C7906BE}"
EndProject
Project("{FAE04EC0-301F-11D3-BF4B-00C04F79EFBC}") = "EserciziPerCasa2", "Program2\EserciziPerCasa2.csproj", "{6C035D0E-4389-4738-85C9-0C59964A807D}"
EndProject
Project("{FAE04EC0-301F-11D3-BF4B-00C04F79EFBC}") = "EserciziPerCasa3", "EserciziPerCasa3\EserciziPerCasa3.csproj", "{03FC87A1-B9BE-447D-9286-3E8533EFB4BC}"
EndProject
Project("{FAE04EC0-301F-11D3-BF4B-00C04F79EFBC}") = "EserciziPerCasa4", "EserciziPerCasa4\EserciziPerCasa4.csproj", "{5F77B922-6D97-45BD-A0F3-201328B8E9EF}"
EndProject
Global
	GlobalSection(SolutionConfigurationPlatforms) = preSolution
		Debug|Any CPU = Debug|Any CPU
		Release|Any CPU = Release|Any CPU
	EndGlobalSection
	GlobalSection(ProjectConfigurationPlatforms) = postSolution
		{DF0FC550-8E78-48E9-BCC3-053D8C7906BE}.Debug|Any CPU.ActiveCfg = Debug|Any CPU
		{DF0FC550-8E78-48E9-BCC3-053D8C7906BE}.Debug|Any CPU.Build.0 = Debug|Any CPU
		{DF0FC550-8E78-48E9-BCC3-053D8C7906BE}.Release|Any CPU.ActiveCfg = Release|Any CPU
		{DF0FC550-8E78-48E9-BCC3-053D8C7906BE}.Release|Any CPU.Build.0 = Release|Any CPU
		{6C035D0E-4389-4738-85C9-0C59964A807D}.Debug|Any CPU.ActiveCfg = Debug|Any CPU
		{6C035D0E-4389-4738-85C9-0C59964A807D}.Debug|Any CPU.Build.0 = Debug|Any CPU
		{6C035D0E-4389-4738-85C9-0C59964A807D}.Release|Any CPU.ActiveCfg = Release|Any CPU
		{6C035D0E-4389-4738-85C9-0C59964A807D}.Release|Any CPU.Build.0 = Release|Any CPU
		{03FC87A1-B9BE-447D-9286-3E8533EFB4BC}.Debug|Any CPU.ActiveCfg = Debug|Any CPU
		{03FC87A1-B9BE-447D-9286-3E8533EFB4BC}.Debug|Any CPU.Build.0 = Debug|Any CPU
		{03FC87A1-B9BE-447D-9286-3E8533EFB4BC}.Release|Any CPU.ActiveCfg = Release|Any CPU
		{03FC87A1-B9BE-447D-9286-3E8533EFB4BC}.Release|Any CPU.Build.0 = Release|Any CPU
		{5F77B922-6D97-45BD-A0F3-201328B8E9EF}.Debug|Any CPU.ActiveCfg = Debug|Any CPU
		{5F77B922-6D97-45BD-A0F3-201328B8E9EF}.Debug|Any CPU.Build.0 = Debug|Any CPU
		{5F77B922-6D97-45BD-A0F3-201328B8E9EF}.Release|Any CPU.ActiveCfg = Release|Any CPU
		{5F77B922-6D97-45BD-A0F3-201328B8E9EF}.Release|Any CPU.Build.0 = Release|Any CPU
	EndGlobalSection
	GlobalSection(SolutionProperties) = preSolution
		HideSolutionNode = FALSE
	EndGlobalSection
	GlobalSection(ExtensibilityGlobals) = postSolution
		SolutionGuid = {537DF143-B057-4645-9BB9-95082E5C1CC1}
	EndGlobalSection
EndGlobal
